
Microsoft Visual Studio Solution File, Format Version 12.00
# Visual Studio Version 17
VisualStudioVersion = 17.13.35507.96 d17.13
MinimumVisualStudioVersion = 10.0.40219.1
Project("{FAE04EC0-301F-11D3-BF4B-00C04F79EFBC}") = "BlogAppWebApi", "BlogAppWebApi\BlogAppWebApi.csproj", "{46BE8EB3-1F60-4101-9527-6D0150770872}"
EndProject
Global
	GlobalSection(SolutionConfigurationPlatforms) = preSolution
		Debug|Any CPU = Debug|Any CPU
		Release|Any CPU = Release|Any CPU
	EndGlobalSection
	GlobalSection(ProjectConfigurationPlatforms) = postSolution
		{46BE8EB3-1F60-4101-9527-6D0150770872}.Debug|Any CPU.ActiveCfg = Debug|Any CPU
		{46BE8EB3-1F60-4101-9527-6D0150770872}.Debug|Any CPU.Build.0 = Debug|Any CPU
		{46BE8EB3-1F60-4101-9527-6D0150770872}.Release|Any CPU.ActiveCfg = Release|Any CPU
		{46BE8EB3-1F60-4101-9527-6D0150770872}.Release|Any CPU.Build.0 = Release|Any CPU
	EndGlobalSection
	GlobalSection(SolutionProperties) = preSolution
		HideSolutionNode = FALSE
	EndGlobalSection
	GlobalSection(ExtensibilityGlobals) = postSolution
		SolutionGuid = {0D2BBECF-4815-43E9-9480-9F59CF15F1C5}
	EndGlobalSection
EndGlobal
